
Microsoft Visual Studio Solution File, Format Version 12.00
# Visual Studio 15
VisualStudioVersion = 15.0.28307.1000
MinimumVisualStudioVersion = 10.0.40219.1
Project("{FAE04EC0-301F-11D3-BF4B-00C04F79EFBC}") = "RestWithASP.netUdemy", "RestWithASP.netUdemy\RestWithASP.netUdemy.csproj", "{78496E1A-DD1B-465E-B8E5-9D4F763D46DF}"
EndProject
Global
	GlobalSection(SolutionConfigurationPlatforms) = preSolution
		Debug|Any CPU = Debug|Any CPU
		Release|Any CPU = Release|Any CPU
	EndGlobalSection
	GlobalSection(ProjectConfigurationPlatforms) = postSolution
		{78496E1A-DD1B-465E-B8E5-9D4F763D46DF}.Debug|Any CPU.ActiveCfg = Debug|Any CPU
		{78496E1A-DD1B-465E-B8E5-9D4F763D46DF}.Debug|Any CPU.Build.0 = Debug|Any CPU
		{78496E1A-DD1B-465E-B8E5-9D4F763D46DF}.Release|Any CPU.ActiveCfg = Release|Any CPU
		{78496E1A-DD1B-465E-B8E5-9D4F763D46DF}.Release|Any CPU.Build.0 = Release|Any CPU
	EndGlobalSection
	GlobalSection(SolutionProperties) = preSolution
		HideSolutionNode = FALSE
	EndGlobalSection
	GlobalSection(ExtensibilityGlobals) = postSolution
		SolutionGuid = {18943976-2815-4B38-B36C-202C1DCBFAB4}
	EndGlobalSection
EndGlobal
